
Microsoft Visual Studio Solution File, Format Version 12.00
# Visual Studio 15
VisualStudioVersion = 15.0.26430.12
MinimumVisualStudioVersion = 10.0.40219.1
Project("{8BC9CEB8-8B4A-11D0-8D11-00A0C91BC942}") = "datalink", "datalink.vcxproj", "{FC1F1200-812C-4F8D-92F3-E8E1AC53B0D7}"
EndProject
Global
	GlobalSection(SolutionConfigurationPlatforms) = preSolution
		Debug|x86 = Debug|x86
		Release|x86 = Release|x86
	EndGlobalSection
	GlobalSection(ProjectConfigurationPlatforms) = postSolution
		{FC1F1200-812C-4F8D-92F3-E8E1AC53B0D7}.Debug|x86.ActiveCfg = Debug|Win32
		{FC1F1200-812C-4F8D-92F3-E8E1AC53B0D7}.Debug|x86.Build.0 = Debug|Win32
		{FC1F1200-812C-4F8D-92F3-E8E1AC53B0D7}.Release|x86.ActiveCfg = Release|Win32
		{FC1F1200-812C-4F8D-92F3-E8E1AC53B0D7}.Release|x86.Build.0 = Release|Win32
	EndGlobalSection
	GlobalSection(SolutionProperties) = preSolution
		HideSolutionNode = FALSE
	EndGlobalSection
EndGlobal
